// !$*UTF8*$!
{
	archiveVersion = 1;
	classes = {
	};
	objectVersion = 56;
	objects = {

/* Begin PBXBuildFile section */
		08A7CCCB7BE76EF7E213EDF2 /* Pods_MovieApp.framework in Frameworks */ = {isa = PBXBuildFile; fileRef = F8FB6C3D9C2BC4693504741F /* Pods_MovieApp.framework */; };
		182697572B5D6CF500CD90F8 /* GenreResponseModel.swift in Sources */ = {isa = PBXBuildFile; fileRef = 182697562B5D6CF500CD90F8 /* GenreResponseModel.swift */; };
		182697592B5D871200CD90F8 /* UserDefaultsManager.swift in Sources */ = {isa = PBXBuildFile; fileRef = 182697582B5D871200CD90F8 /* UserDefaultsManager.swift */; };
		182697612B5D8D5300CD90F8 /* UserDefaultsManagingMock.generated.swift in Sources */ = {isa = PBXBuildFile; fileRef = 1826975E2B5D8D5300CD90F8 /* UserDefaultsManagingMock.generated.swift */; };
		182697622B5D8D5300CD90F8 /* ApiKeyManagingMock.generated.swift in Sources */ = {isa = PBXBuildFile; fileRef = 1826975F2B5D8D5300CD90F8 /* ApiKeyManagingMock.generated.swift */; };
		182697632B5D8D5300CD90F8 /* APIServicingMock.generated.swift in Sources */ = {isa = PBXBuildFile; fileRef = 182697602B5D8D5300CD90F8 /* APIServicingMock.generated.swift */; };
		182697652B5D8D8A00CD90F8 /* ApiKeyManagerTests.swift in Sources */ = {isa = PBXBuildFile; fileRef = 182697642B5D8D8A00CD90F8 /* ApiKeyManagerTests.swift */; };
		1848A7CC2B5C139F004B0CE8 /* AppDelegate.swift in Sources */ = {isa = PBXBuildFile; fileRef = 1848A7CB2B5C139F004B0CE8 /* AppDelegate.swift */; };
		1848A7CE2B5C139F004B0CE8 /* SceneDelegate.swift in Sources */ = {isa = PBXBuildFile; fileRef = 1848A7CD2B5C139F004B0CE8 /* SceneDelegate.swift */; };
		1848A7D02B5C139F004B0CE8 /* ViewController.swift in Sources */ = {isa = PBXBuildFile; fileRef = 1848A7CF2B5C139F004B0CE8 /* ViewController.swift */; };
		1848A7D32B5C139F004B0CE8 /* Main.storyboard in Resources */ = {isa = PBXBuildFile; fileRef = 1848A7D12B5C139F004B0CE8 /* Main.storyboard */; };
		1848A7D52B5C139F004B0CE8 /* Assets.xcassets in Resources */ = {isa = PBXBuildFile; fileRef = 1848A7D42B5C139F004B0CE8 /* Assets.xcassets */; };
		1848A7D82B5C139F004B0CE8 /* LaunchScreen.storyboard in Resources */ = {isa = PBXBuildFile; fileRef = 1848A7D62B5C139F004B0CE8 /* LaunchScreen.storyboard */; };
		1848A7E32B5C13A0004B0CE8 /* MovieAppTests.swift in Sources */ = {isa = PBXBuildFile; fileRef = 1848A7E22B5C13A0004B0CE8 /* MovieAppTests.swift */; };
		1848A7ED2B5C13A0004B0CE8 /* MovieAppUITests.swift in Sources */ = {isa = PBXBuildFile; fileRef = 1848A7EC2B5C13A0004B0CE8 /* MovieAppUITests.swift */; };
		1848A7EF2B5C13A0004B0CE8 /* MovieAppUITestsLaunchTests.swift in Sources */ = {isa = PBXBuildFile; fileRef = 1848A7EE2B5C13A0004B0CE8 /* MovieAppUITestsLaunchTests.swift */; };
		1848A7FC2B5C161E004B0CE8 /* GoogleService-Info.plist in Resources */ = {isa = PBXBuildFile; fileRef = 1848A7FB2B5C161E004B0CE8 /* GoogleService-Info.plist */; };
		1848A8002B5C35EF004B0CE8 /* ApiKeyManager.swift in Sources */ = {isa = PBXBuildFile; fileRef = 1848A7FF2B5C35EF004B0CE8 /* ApiKeyManager.swift */; };
		1848A8042B5D33DB004B0CE8 /* Router.swift in Sources */ = {isa = PBXBuildFile; fileRef = 1848A8032B5D33DB004B0CE8 /* Router.swift */; };
		1848A8062B5D3538004B0CE8 /* APIService.swift in Sources */ = {isa = PBXBuildFile; fileRef = 1848A8052B5D3538004B0CE8 /* APIService.swift */; };
		1848A8092B5D37E1004B0CE8 /* MovieDomainModel.swift in Sources */ = {isa = PBXBuildFile; fileRef = 1848A8082B5D37E1004B0CE8 /* MovieDomainModel.swift */; };
		1848A80B2B5D49CC004B0CE8 /* PopularMoviesResponseModel.swift in Sources */ = {isa = PBXBuildFile; fileRef = 1848A80A2B5D49CC004B0CE8 /* PopularMoviesResponseModel.swift */; };
		1895C6A42B5EFA920090A87F /* MovieViewModel.swift in Sources */ = {isa = PBXBuildFile; fileRef = 1895C6A32B5EFA920090A87F /* MovieViewModel.swift */; };
		1895C6A62B5EFADA0090A87F /* MovieViewModelMapper.swift in Sources */ = {isa = PBXBuildFile; fileRef = 1895C6A52B5EFADA0090A87F /* MovieViewModelMapper.swift */; };
		1895C6A92B5EFD7B0090A87F /* MovieCollectionViewCell.swift in Sources */ = {isa = PBXBuildFile; fileRef = 1895C6A82B5EFD7B0090A87F /* MovieCollectionViewCell.swift */; };
		1895C6AB2B5F266F0090A87F /* StarRatingView.swift in Sources */ = {isa = PBXBuildFile; fileRef = 1895C6AA2B5F266F0090A87F /* StarRatingView.swift */; };
		1895C6AE2B5F34220090A87F /* MovieListViewModelTests.swift in Sources */ = {isa = PBXBuildFile; fileRef = 1895C6AD2B5F34220090A87F /* MovieListViewModelTests.swift */; };
		1895C6B02B5F34A80090A87F /* MovieViewModelMappingMock.generated.swift in Sources */ = {isa = PBXBuildFile; fileRef = 1895C6AF2B5F34A80090A87F /* MovieViewModelMappingMock.generated.swift */; };
		1895C6B22B5F35060090A87F /* MovieListViewModelDeoendencies.swift in Sources */ = {isa = PBXBuildFile; fileRef = 1895C6B12B5F35060090A87F /* MovieListViewModelDeoendencies.swift */; };
		1895C6B52B5F36E40090A87F /* MovieDomainModel+Mock.swift in Sources */ = {isa = PBXBuildFile; fileRef = 1895C6B42B5F36E40090A87F /* MovieDomainModel+Mock.swift */; };
		1895C6B72B5F37AA0090A87F /* PopularMoviesResponseModel+Mock.swift in Sources */ = {isa = PBXBuildFile; fileRef = 1895C6B62B5F37AA0090A87F /* PopularMoviesResponseModel+Mock.swift */; };
		1895C6B92B5F38C20090A87F /* MovieViewModel+Mock.swift in Sources */ = {isa = PBXBuildFile; fileRef = 1895C6B82B5F38C20090A87F /* MovieViewModel+Mock.swift */; };
		1895C6CB2B5FA95E0090A87F /* MovieDetailsMapper.swift in Sources */ = {isa = PBXBuildFile; fileRef = 1895C6C72B5FA95E0090A87F /* MovieDetailsMapper.swift */; };
		1895C6CC2B5FA95E0090A87F /* MovieDetails.swift in Sources */ = {isa = PBXBuildFile; fileRef = 1895C6C82B5FA95E0090A87F /* MovieDetails.swift */; };
		1895C6CD2B5FA95E0090A87F /* MovieDetailViewController.swift in Sources */ = {isa = PBXBuildFile; fileRef = 1895C6C92B5FA95E0090A87F /* MovieDetailViewController.swift */; };
		1895C6CE2B5FA95E0090A87F /* MovieDetailViewModel.swift in Sources */ = {isa = PBXBuildFile; fileRef = 1895C6CA2B5FA95E0090A87F /* MovieDetailViewModel.swift */; };
		1895C6D12B5FA97D0090A87F /* PosterCollectionViewCell.swift in Sources */ = {isa = PBXBuildFile; fileRef = 1895C6D02B5FA97D0090A87F /* PosterCollectionViewCell.swift */; };
		1895C6D32B5FB0D80090A87F /* MovieDetailCell.swift in Sources */ = {isa = PBXBuildFile; fileRef = 1895C6D22B5FB0D80090A87F /* MovieDetailCell.swift */; };
		1895C6D52B5FB52D0090A87F /* DataSourceSection.swift in Sources */ = {isa = PBXBuildFile; fileRef = 1895C6D42B5FB52D0090A87F /* DataSourceSection.swift */; };
		1895C6D82B5FBAB60090A87F /* OverviewCollectionViewCell.swift in Sources */ = {isa = PBXBuildFile; fileRef = 1895C6D72B5FBAB60090A87F /* OverviewCollectionViewCell.swift */; };
		1895C6DA2B5FBB190090A87F /* OverviewDetail.swift in Sources */ = {isa = PBXBuildFile; fileRef = 1895C6D92B5FBB190090A87F /* OverviewDetail.swift */; };
		1895C6DC2B5FBD4E0090A87F /* TitleDetail.swift in Sources */ = {isa = PBXBuildFile; fileRef = 1895C6DB2B5FBD4E0090A87F /* TitleDetail.swift */; };
		1895C6DE2B5FBD780090A87F /* TitleDetailCollectionViewCell.swift in Sources */ = {isa = PBXBuildFile; fileRef = 1895C6DD2B5FBD780090A87F /* TitleDetailCollectionViewCell.swift */; };
		1895C6E02B5FC2230090A87F /* PosterDetail.swift in Sources */ = {isa = PBXBuildFile; fileRef = 1895C6DF2B5FC2230090A87F /* PosterDetail.swift */; };
		1895C6E22B5FC3FA0090A87F /* GenreDetail.swift in Sources */ = {isa = PBXBuildFile; fileRef = 1895C6E12B5FC3FA0090A87F /* GenreDetail.swift */; };
		1895C6E42B5FC4E20090A87F /* GenreDetailCollectionViewCell.swift in Sources */ = {isa = PBXBuildFile; fileRef = 1895C6E32B5FC4E20090A87F /* GenreDetailCollectionViewCell.swift */; };
		1895C6E62B5FCE760090A87F /* CastMemberDomainModel.swift in Sources */ = {isa = PBXBuildFile; fileRef = 1895C6E52B5FCE760090A87F /* CastMemberDomainModel.swift */; };
		1895C6E82B5FCE820090A87F /* CastMemebersResponseModel.swift in Sources */ = {isa = PBXBuildFile; fileRef = 1895C6E72B5FCE820090A87F /* CastMemebersResponseModel.swift */; };
		1895C6EA2B5FD0150090A87F /* CastDetail.swift in Sources */ = {isa = PBXBuildFile; fileRef = 1895C6E92B5FD0150090A87F /* CastDetail.swift */; };
		1895C6EC2B5FD07B0090A87F /* CastDetailCollectionViewCell.swift in Sources */ = {isa = PBXBuildFile; fileRef = 1895C6EB2B5FD07B0090A87F /* CastDetailCollectionViewCell.swift */; };
		18EF40912B5EF12F00DA7945 /* MovieListViewController.swift in Sources */ = {isa = PBXBuildFile; fileRef = 18EF40902B5EF12F00DA7945 /* MovieListViewController.swift */; };
		18EF40932B5EF15100DA7945 /* MovieListViewModel.swift in Sources */ = {isa = PBXBuildFile; fileRef = 18EF40922B5EF15100DA7945 /* MovieListViewModel.swift */; };
		7DE778423DD21AA25E76A879 /* Pods_MovieAppTests.framework in Frameworks */ = {isa = PBXBuildFile; fileRef = 8653147FF68A5C37240AE147 /* Pods_MovieAppTests.framework */; };
/* End PBXBuildFile section */

/* Begin PBXContainerItemProxy section */
		1848A7DF2B5C13A0004B0CE8 /* PBXContainerItemProxy */ = {
			isa = PBXContainerItemProxy;
			containerPortal = 1848A7C02B5C139F004B0CE8 /* Project object */;
			proxyType = 1;
			remoteGlobalIDString = 1848A7C72B5C139F004B0CE8;
			remoteInfo = MovieApp;
		};
		1848A7E92B5C13A0004B0CE8 /* PBXContainerItemProxy */ = {
			isa = PBXContainerItemProxy;
			containerPortal = 1848A7C02B5C139F004B0CE8 /* Project object */;
			proxyType = 1;
			remoteGlobalIDString = 1848A7C72B5C139F004B0CE8;
			remoteInfo = MovieApp;
		};
/* End PBXContainerItemProxy section */

/* Begin PBXFileReference section */
		182697562B5D6CF500CD90F8 /* GenreResponseModel.swift */ = {isa = PBXFileReference; lastKnownFileType = sourcecode.swift; path = GenreResponseModel.swift; sourceTree = "<group>"; };
		182697582B5D871200CD90F8 /* UserDefaultsManager.swift */ = {isa = PBXFileReference; lastKnownFileType = sourcecode.swift; path = UserDefaultsManager.swift; sourceTree = "<group>"; };
		1826975E2B5D8D5300CD90F8 /* UserDefaultsManagingMock.generated.swift */ = {isa = PBXFileReference; fileEncoding = 4; lastKnownFileType = sourcecode.swift; path = UserDefaultsManagingMock.generated.swift; sourceTree = "<group>"; };
		1826975F2B5D8D5300CD90F8 /* ApiKeyManagingMock.generated.swift */ = {isa = PBXFileReference; fileEncoding = 4; lastKnownFileType = sourcecode.swift; path = ApiKeyManagingMock.generated.swift; sourceTree = "<group>"; };
		182697602B5D8D5300CD90F8 /* APIServicingMock.generated.swift */ = {isa = PBXFileReference; fileEncoding = 4; lastKnownFileType = sourcecode.swift; path = APIServicingMock.generated.swift; sourceTree = "<group>"; };
		182697642B5D8D8A00CD90F8 /* ApiKeyManagerTests.swift */ = {isa = PBXFileReference; lastKnownFileType = sourcecode.swift; path = ApiKeyManagerTests.swift; sourceTree = "<group>"; };
		1848A7C82B5C139F004B0CE8 /* MovieApp.app */ = {isa = PBXFileReference; explicitFileType = wrapper.application; includeInIndex = 0; path = MovieApp.app; sourceTree = BUILT_PRODUCTS_DIR; };
		1848A7CB2B5C139F004B0CE8 /* AppDelegate.swift */ = {isa = PBXFileReference; lastKnownFileType = sourcecode.swift; path = AppDelegate.swift; sourceTree = "<group>"; };
		1848A7CD2B5C139F004B0CE8 /* SceneDelegate.swift */ = {isa = PBXFileReference; lastKnownFileType = sourcecode.swift; path = SceneDelegate.swift; sourceTree = "<group>"; };
		1848A7CF2B5C139F004B0CE8 /* ViewController.swift */ = {isa = PBXFileReference; lastKnownFileType = sourcecode.swift; path = ViewController.swift; sourceTree = "<group>"; };
		1848A7D22B5C139F004B0CE8 /* Base */ = {isa = PBXFileReference; lastKnownFileType = file.storyboard; name = Base; path = Base.lproj/Main.storyboard; sourceTree = "<group>"; };
		1848A7D42B5C139F004B0CE8 /* Assets.xcassets */ = {isa = PBXFileReference; lastKnownFileType = folder.assetcatalog; path = Assets.xcassets; sourceTree = "<group>"; };
		1848A7D72B5C139F004B0CE8 /* Base */ = {isa = PBXFileReference; lastKnownFileType = file.storyboard; name = Base; path = Base.lproj/LaunchScreen.storyboard; sourceTree = "<group>"; };
		1848A7D92B5C139F004B0CE8 /* Info.plist */ = {isa = PBXFileReference; lastKnownFileType = text.plist.xml; path = Info.plist; sourceTree = "<group>"; };
		1848A7DE2B5C13A0004B0CE8 /* MovieAppTests.xctest */ = {isa = PBXFileReference; explicitFileType = wrapper.cfbundle; includeInIndex = 0; path = MovieAppTests.xctest; sourceTree = BUILT_PRODUCTS_DIR; };
		1848A7E22B5C13A0004B0CE8 /* MovieAppTests.swift */ = {isa = PBXFileReference; lastKnownFileType = sourcecode.swift; path = MovieAppTests.swift; sourceTree = "<group>"; };
		1848A7E82B5C13A0004B0CE8 /* MovieAppUITests.xctest */ = {isa = PBXFileReference; explicitFileType = wrapper.cfbundle; includeInIndex = 0; path = MovieAppUITests.xctest; sourceTree = BUILT_PRODUCTS_DIR; };
		1848A7EC2B5C13A0004B0CE8 /* MovieAppUITests.swift */ = {isa = PBXFileReference; lastKnownFileType = sourcecode.swift; path = MovieAppUITests.swift; sourceTree = "<group>"; };
		1848A7EE2B5C13A0004B0CE8 /* MovieAppUITestsLaunchTests.swift */ = {isa = PBXFileReference; lastKnownFileType = sourcecode.swift; path = MovieAppUITestsLaunchTests.swift; sourceTree = "<group>"; };
		1848A7FB2B5C161E004B0CE8 /* GoogleService-Info.plist */ = {isa = PBXFileReference; fileEncoding = 4; lastKnownFileType = text.plist.xml; path = "GoogleService-Info.plist"; sourceTree = "<group>"; };
		1848A7FF2B5C35EF004B0CE8 /* ApiKeyManager.swift */ = {isa = PBXFileReference; lastKnownFileType = sourcecode.swift; path = ApiKeyManager.swift; sourceTree = "<group>"; };
		1848A8032B5D33DB004B0CE8 /* Router.swift */ = {isa = PBXFileReference; lastKnownFileType = sourcecode.swift; path = Router.swift; sourceTree = "<group>"; };
		1848A8052B5D3538004B0CE8 /* APIService.swift */ = {isa = PBXFileReference; lastKnownFileType = sourcecode.swift; path = APIService.swift; sourceTree = "<group>"; };
		1848A8082B5D37E1004B0CE8 /* MovieDomainModel.swift */ = {isa = PBXFileReference; lastKnownFileType = sourcecode.swift; path = MovieDomainModel.swift; sourceTree = "<group>"; };
		1848A80A2B5D49CC004B0CE8 /* PopularMoviesResponseModel.swift */ = {isa = PBXFileReference; lastKnownFileType = sourcecode.swift; path = PopularMoviesResponseModel.swift; sourceTree = "<group>"; };
		1895C6A32B5EFA920090A87F /* MovieViewModel.swift */ = {isa = PBXFileReference; lastKnownFileType = sourcecode.swift; path = MovieViewModel.swift; sourceTree = "<group>"; };
		1895C6A52B5EFADA0090A87F /* MovieViewModelMapper.swift */ = {isa = PBXFileReference; lastKnownFileType = sourcecode.swift; path = MovieViewModelMapper.swift; sourceTree = "<group>"; };
		1895C6A82B5EFD7B0090A87F /* MovieCollectionViewCell.swift */ = {isa = PBXFileReference; lastKnownFileType = sourcecode.swift; path = MovieCollectionViewCell.swift; sourceTree = "<group>"; };
		1895C6AA2B5F266F0090A87F /* StarRatingView.swift */ = {isa = PBXFileReference; lastKnownFileType = sourcecode.swift; path = StarRatingView.swift; sourceTree = "<group>"; };
		1895C6AD2B5F34220090A87F /* MovieListViewModelTests.swift */ = {isa = PBXFileReference; lastKnownFileType = sourcecode.swift; path = MovieListViewModelTests.swift; sourceTree = "<group>"; };
		1895C6AF2B5F34A80090A87F /* MovieViewModelMappingMock.generated.swift */ = {isa = PBXFileReference; fileEncoding = 4; lastKnownFileType = sourcecode.swift; path = MovieViewModelMappingMock.generated.swift; sourceTree = "<group>"; };
		1895C6B12B5F35060090A87F /* MovieListViewModelDeoendencies.swift */ = {isa = PBXFileReference; lastKnownFileType = sourcecode.swift; path = MovieListViewModelDeoendencies.swift; sourceTree = "<group>"; };
		1895C6B42B5F36E40090A87F /* MovieDomainModel+Mock.swift */ = {isa = PBXFileReference; lastKnownFileType = sourcecode.swift; path = "MovieDomainModel+Mock.swift"; sourceTree = "<group>"; };
		1895C6B62B5F37AA0090A87F /* PopularMoviesResponseModel+Mock.swift */ = {isa = PBXFileReference; lastKnownFileType = sourcecode.swift; path = "PopularMoviesResponseModel+Mock.swift"; sourceTree = "<group>"; };
		1895C6B82B5F38C20090A87F /* MovieViewModel+Mock.swift */ = {isa = PBXFileReference; lastKnownFileType = sourcecode.swift; path = "MovieViewModel+Mock.swift"; sourceTree = "<group>"; };
		1895C6C72B5FA95E0090A87F /* MovieDetailsMapper.swift */ = {isa = PBXFileReference; fileEncoding = 4; lastKnownFileType = sourcecode.swift; path = MovieDetailsMapper.swift; sourceTree = "<group>"; };
		1895C6C82B5FA95E0090A87F /* MovieDetails.swift */ = {isa = PBXFileReference; fileEncoding = 4; lastKnownFileType = sourcecode.swift; path = MovieDetails.swift; sourceTree = "<group>"; };
		1895C6C92B5FA95E0090A87F /* MovieDetailViewController.swift */ = {isa = PBXFileReference; fileEncoding = 4; lastKnownFileType = sourcecode.swift; path = MovieDetailViewController.swift; sourceTree = "<group>"; };
		1895C6CA2B5FA95E0090A87F /* MovieDetailViewModel.swift */ = {isa = PBXFileReference; fileEncoding = 4; lastKnownFileType = sourcecode.swift; path = MovieDetailViewModel.swift; sourceTree = "<group>"; };
		1895C6D02B5FA97D0090A87F /* PosterCollectionViewCell.swift */ = {isa = PBXFileReference; fileEncoding = 4; lastKnownFileType = sourcecode.swift; path = PosterCollectionViewCell.swift; sourceTree = "<group>"; };
		1895C6D22B5FB0D80090A87F /* MovieDetailCell.swift */ = {isa = PBXFileReference; lastKnownFileType = sourcecode.swift; path = MovieDetailCell.swift; sourceTree = "<group>"; };
		1895C6D42B5FB52D0090A87F /* DataSourceSection.swift */ = {isa = PBXFileReference; lastKnownFileType = sourcecode.swift; path = DataSourceSection.swift; sourceTree = "<group>"; };
		1895C6D72B5FBAB60090A87F /* OverviewCollectionViewCell.swift */ = {isa = PBXFileReference; lastKnownFileType = sourcecode.swift; path = OverviewCollectionViewCell.swift; sourceTree = "<group>"; };
		1895C6D92B5FBB190090A87F /* OverviewDetail.swift */ = {isa = PBXFileReference; lastKnownFileType = sourcecode.swift; path = OverviewDetail.swift; sourceTree = "<group>"; };
		1895C6DB2B5FBD4E0090A87F /* TitleDetail.swift */ = {isa = PBXFileReference; lastKnownFileType = sourcecode.swift; path = TitleDetail.swift; sourceTree = "<group>"; };
		1895C6DD2B5FBD780090A87F /* TitleDetailCollectionViewCell.swift */ = {isa = PBXFileReference; lastKnownFileType = sourcecode.swift; path = TitleDetailCollectionViewCell.swift; sourceTree = "<group>"; };
		1895C6DF2B5FC2230090A87F /* PosterDetail.swift */ = {isa = PBXFileReference; lastKnownFileType = sourcecode.swift; path = PosterDetail.swift; sourceTree = "<group>"; };
		1895C6E12B5FC3FA0090A87F /* GenreDetail.swift */ = {isa = PBXFileReference; lastKnownFileType = sourcecode.swift; path = GenreDetail.swift; sourceTree = "<group>"; };
		1895C6E32B5FC4E20090A87F /* GenreDetailCollectionViewCell.swift */ = {isa = PBXFileReference; lastKnownFileType = sourcecode.swift; path = GenreDetailCollectionViewCell.swift; sourceTree = "<group>"; };
		1895C6E52B5FCE760090A87F /* CastMemberDomainModel.swift */ = {isa = PBXFileReference; lastKnownFileType = sourcecode.swift; path = CastMemberDomainModel.swift; sourceTree = "<group>"; };
		1895C6E72B5FCE820090A87F /* CastMemebersResponseModel.swift */ = {isa = PBXFileReference; lastKnownFileType = sourcecode.swift; path = CastMemebersResponseModel.swift; sourceTree = "<group>"; };
		1895C6E92B5FD0150090A87F /* CastDetail.swift */ = {isa = PBXFileReference; lastKnownFileType = sourcecode.swift; path = CastDetail.swift; sourceTree = "<group>"; };
		1895C6EB2B5FD07B0090A87F /* CastDetailCollectionViewCell.swift */ = {isa = PBXFileReference; lastKnownFileType = sourcecode.swift; path = CastDetailCollectionViewCell.swift; sourceTree = "<group>"; };
		18EF40902B5EF12F00DA7945 /* MovieListViewController.swift */ = {isa = PBXFileReference; lastKnownFileType = sourcecode.swift; path = MovieListViewController.swift; sourceTree = "<group>"; };
		18EF40922B5EF15100DA7945 /* MovieListViewModel.swift */ = {isa = PBXFileReference; lastKnownFileType = sourcecode.swift; path = MovieListViewModel.swift; sourceTree = "<group>"; };
		485625955977045951B98E87 /* Pods-MovieAppTests.release.xcconfig */ = {isa = PBXFileReference; includeInIndex = 1; lastKnownFileType = text.xcconfig; name = "Pods-MovieAppTests.release.xcconfig"; path = "Target Support Files/Pods-MovieAppTests/Pods-MovieAppTests.release.xcconfig"; sourceTree = "<group>"; };
		6A7EB8D20C97F4EB2D091A5E /* Pods-MovieAppTests.debug.xcconfig */ = {isa = PBXFileReference; includeInIndex = 1; lastKnownFileType = text.xcconfig; name = "Pods-MovieAppTests.debug.xcconfig"; path = "Target Support Files/Pods-MovieAppTests/Pods-MovieAppTests.debug.xcconfig"; sourceTree = "<group>"; };
		6C91E8FD02E659878D1C0032 /* Pods-MovieApp.release.xcconfig */ = {isa = PBXFileReference; includeInIndex = 1; lastKnownFileType = text.xcconfig; name = "Pods-MovieApp.release.xcconfig"; path = "Target Support Files/Pods-MovieApp/Pods-MovieApp.release.xcconfig"; sourceTree = "<group>"; };
		8653147FF68A5C37240AE147 /* Pods_MovieAppTests.framework */ = {isa = PBXFileReference; explicitFileType = wrapper.framework; includeInIndex = 0; path = Pods_MovieAppTests.framework; sourceTree = BUILT_PRODUCTS_DIR; };
		AA0A32629490453C5253D394 /* Pods-MovieApp-MovieAppTests.release.xcconfig */ = {isa = PBXFileReference; includeInIndex = 1; lastKnownFileType = text.xcconfig; name = "Pods-MovieApp-MovieAppTests.release.xcconfig"; path = "Target Support Files/Pods-MovieApp-MovieAppTests/Pods-MovieApp-MovieAppTests.release.xcconfig"; sourceTree = "<group>"; };
		CFCF44DA212E4F5EC3DB7AB4 /* Pods-MovieApp-MovieAppTests.debug.xcconfig */ = {isa = PBXFileReference; includeInIndex = 1; lastKnownFileType = text.xcconfig; name = "Pods-MovieApp-MovieAppTests.debug.xcconfig"; path = "Target Support Files/Pods-MovieApp-MovieAppTests/Pods-MovieApp-MovieAppTests.debug.xcconfig"; sourceTree = "<group>"; };
		DE67FAD61B616AE8DDCF27E6 /* Pods-MovieApp.debug.xcconfig */ = {isa = PBXFileReference; includeInIndex = 1; lastKnownFileType = text.xcconfig; name = "Pods-MovieApp.debug.xcconfig"; path = "Target Support Files/Pods-MovieApp/Pods-MovieApp.debug.xcconfig"; sourceTree = "<group>"; };
		F8FB6C3D9C2BC4693504741F /* Pods_MovieApp.framework */ = {isa = PBXFileReference; explicitFileType = wrapper.framework; includeInIndex = 0; path = Pods_MovieApp.framework; sourceTree = BUILT_PRODUCTS_DIR; };
/* End PBXFileReference section */

/* Begin PBXFrameworksBuildPhase section */
		1848A7C52B5C139F004B0CE8 /* Frameworks */ = {
			isa = PBXFrameworksBuildPhase;
			buildActionMask = 2147483647;
			files = (
				08A7CCCB7BE76EF7E213EDF2 /* Pods_MovieApp.framework in Frameworks */,
			);
			runOnlyForDeploymentPostprocessing = 0;
		};
		1848A7DB2B5C13A0004B0CE8 /* Frameworks */ = {
			isa = PBXFrameworksBuildPhase;
			buildActionMask = 2147483647;
			files = (
				7DE778423DD21AA25E76A879 /* Pods_MovieAppTests.framework in Frameworks */,
			);
			runOnlyForDeploymentPostprocessing = 0;
		};
		1848A7E52B5C13A0004B0CE8 /* Frameworks */ = {
			isa = PBXFrameworksBuildPhase;
			buildActionMask = 2147483647;
			files = (
			);
			runOnlyForDeploymentPostprocessing = 0;
		};
/* End PBXFrameworksBuildPhase section */

/* Begin PBXGroup section */
		182697552B5D6CA800CD90F8 /* API */ = {
			isa = PBXGroup;
			children = (
				1848A7FF2B5C35EF004B0CE8 /* ApiKeyManager.swift */,
				1848A8032B5D33DB004B0CE8 /* Router.swift */,
				1848A8052B5D3538004B0CE8 /* APIService.swift */,
				182697582B5D871200CD90F8 /* UserDefaultsManager.swift */,
			);
			path = API;
			sourceTree = "<group>";
		};
		1826975A2B5D895100CD90F8 /* Common */ = {
			isa = PBXGroup;
			children = (
				1826975B2B5D895700CD90F8 /* API */,
			);
			path = Common;
			sourceTree = "<group>";
		};
		1826975B2B5D895700CD90F8 /* API */ = {
			isa = PBXGroup;
			children = (
				182697642B5D8D8A00CD90F8 /* ApiKeyManagerTests.swift */,
			);
			path = API;
			sourceTree = "<group>";
		};
		1826975C2B5D8B5A00CD90F8 /* AutogeneratedMocks */ = {
			isa = PBXGroup;
			children = (
				1895C6AF2B5F34A80090A87F /* MovieViewModelMappingMock.generated.swift */,
				1826975F2B5D8D5300CD90F8 /* ApiKeyManagingMock.generated.swift */,
				182697602B5D8D5300CD90F8 /* APIServicingMock.generated.swift */,
				1826975E2B5D8D5300CD90F8 /* UserDefaultsManagingMock.generated.swift */,
			);
			path = AutogeneratedMocks;
			sourceTree = "<group>";
		};
		1848A7BF2B5C139F004B0CE8 = {
			isa = PBXGroup;
			children = (
				1848A7CA2B5C139F004B0CE8 /* MovieApp */,
				1848A7E12B5C13A0004B0CE8 /* MovieAppTests */,
				1848A7EB2B5C13A0004B0CE8 /* MovieAppUITests */,
				1848A7C92B5C139F004B0CE8 /* Products */,
				778010224DF3675D243EF1A3 /* Pods */,
				9A04E9F3E76CD7AB7FA66405 /* Frameworks */,
			);
			sourceTree = "<group>";
		};
		1848A7C92B5C139F004B0CE8 /* Products */ = {
			isa = PBXGroup;
			children = (
				1848A7C82B5C139F004B0CE8 /* MovieApp.app */,
				1848A7DE2B5C13A0004B0CE8 /* MovieAppTests.xctest */,
				1848A7E82B5C13A0004B0CE8 /* MovieAppUITests.xctest */,
			);
			name = Products;
			sourceTree = "<group>";
		};
		1848A7CA2B5C139F004B0CE8 /* MovieApp */ = {
			isa = PBXGroup;
			children = (
				1848A7FE2B5C35DE004B0CE8 /* Common */,
				18EF408F2B5EF11000DA7945 /* MovieListModule */,
				1895C6C62B5FA9000090A87F /* MovieDetailModule */,
				1848A7CB2B5C139F004B0CE8 /* AppDelegate.swift */,
				1848A7CD2B5C139F004B0CE8 /* SceneDelegate.swift */,
				1848A7CF2B5C139F004B0CE8 /* ViewController.swift */,
				1848A7D12B5C139F004B0CE8 /* Main.storyboard */,
				1848A7D42B5C139F004B0CE8 /* Assets.xcassets */,
				1848A7D62B5C139F004B0CE8 /* LaunchScreen.storyboard */,
				1848A7D92B5C139F004B0CE8 /* Info.plist */,
				1848A7FB2B5C161E004B0CE8 /* GoogleService-Info.plist */,
			);
			path = MovieApp;
			sourceTree = "<group>";
		};
		1848A7E12B5C13A0004B0CE8 /* MovieAppTests */ = {
			isa = PBXGroup;
			children = (
				1895C6B32B5F36A30090A87F /* Mocks */,
				1826975C2B5D8B5A00CD90F8 /* AutogeneratedMocks */,
				1826975A2B5D895100CD90F8 /* Common */,
				1895C6AC2B5F33FE0090A87F /* MovieListModuleTests */,
				1848A7E22B5C13A0004B0CE8 /* MovieAppTests.swift */,
			);
			path = MovieAppTests;
			sourceTree = "<group>";
		};
		1848A7EB2B5C13A0004B0CE8 /* MovieAppUITests */ = {
			isa = PBXGroup;
			children = (
				1848A7EC2B5C13A0004B0CE8 /* MovieAppUITests.swift */,
				1848A7EE2B5C13A0004B0CE8 /* MovieAppUITestsLaunchTests.swift */,
			);
			path = MovieAppUITests;
			sourceTree = "<group>";
		};
		1848A7FE2B5C35DE004B0CE8 /* Common */ = {
			isa = PBXGroup;
			children = (
				182697552B5D6CA800CD90F8 /* API */,
				1848A8072B5D37D4004B0CE8 /* DomainModel */,
			);
			path = Common;
			sourceTree = "<group>";
		};
		1848A8072B5D37D4004B0CE8 /* DomainModel */ = {
			isa = PBXGroup;
			children = (
				1848A8082B5D37E1004B0CE8 /* MovieDomainModel.swift */,
				1848A80A2B5D49CC004B0CE8 /* PopularMoviesResponseModel.swift */,
				182697562B5D6CF500CD90F8 /* GenreResponseModel.swift */,
				1895C6E52B5FCE760090A87F /* CastMemberDomainModel.swift */,
				1895C6E72B5FCE820090A87F /* CastMemebersResponseModel.swift */,
			);
			path = DomainModel;
			sourceTree = "<group>";
		};
		1895C6A72B5EFD4D0090A87F /* Views */ = {
			isa = PBXGroup;
			children = (
				1895C6A82B5EFD7B0090A87F /* MovieCollectionViewCell.swift */,
				1895C6AA2B5F266F0090A87F /* StarRatingView.swift */,
			);
			path = Views;
			sourceTree = "<group>";
		};
		1895C6AC2B5F33FE0090A87F /* MovieListModuleTests */ = {
			isa = PBXGroup;
			children = (
				1895C6AD2B5F34220090A87F /* MovieListViewModelTests.swift */,
				1895C6B12B5F35060090A87F /* MovieListViewModelDeoendencies.swift */,
			);
			path = MovieListModuleTests;
			sourceTree = "<group>";
		};
		1895C6B32B5F36A30090A87F /* Mocks */ = {
			isa = PBXGroup;
			children = (
				1895C6B42B5F36E40090A87F /* MovieDomainModel+Mock.swift */,
				1895C6B62B5F37AA0090A87F /* PopularMoviesResponseModel+Mock.swift */,
				1895C6B82B5F38C20090A87F /* MovieViewModel+Mock.swift */,
			);
			path = Mocks;
			sourceTree = "<group>";
		};
		1895C6C62B5FA9000090A87F /* MovieDetailModule */ = {
			isa = PBXGroup;
			children = (
				1895C6D62B5FB6940090A87F /* DataSource */,
				1895C6CF2B5FA96B0090A87F /* Views */,
				1895C6C72B5FA95E0090A87F /* MovieDetailsMapper.swift */,
				1895C6C92B5FA95E0090A87F /* MovieDetailViewController.swift */,
				1895C6CA2B5FA95E0090A87F /* MovieDetailViewModel.swift */,
			);
			path = MovieDetailModule;
			sourceTree = "<group>";
		};
		1895C6CF2B5FA96B0090A87F /* Views */ = {
			isa = PBXGroup;
			children = (
				1895C6D02B5FA97D0090A87F /* PosterCollectionViewCell.swift */,
				1895C6D22B5FB0D80090A87F /* MovieDetailCell.swift */,
				1895C6D72B5FBAB60090A87F /* OverviewCollectionViewCell.swift */,
				1895C6DD2B5FBD780090A87F /* TitleDetailCollectionViewCell.swift */,
				1895C6E32B5FC4E20090A87F /* GenreDetailCollectionViewCell.swift */,
				1895C6EB2B5FD07B0090A87F /* CastDetailCollectionViewCell.swift */,
			);
			path = Views;
			sourceTree = "<group>";
		};
		1895C6D62B5FB6940090A87F /* DataSource */ = {
			isa = PBXGroup;
			children = (
				1895C6C82B5FA95E0090A87F /* MovieDetails.swift */,
				1895C6D42B5FB52D0090A87F /* DataSourceSection.swift */,
				1895C6D92B5FBB190090A87F /* OverviewDetail.swift */,
				1895C6DB2B5FBD4E0090A87F /* TitleDetail.swift */,
				1895C6DF2B5FC2230090A87F /* PosterDetail.swift */,
				1895C6E12B5FC3FA0090A87F /* GenreDetail.swift */,
				1895C6E92B5FD0150090A87F /* CastDetail.swift */,
			);
			path = DataSource;
			sourceTree = "<group>";
		};
		18EF408F2B5EF11000DA7945 /* MovieListModule */ = {
			isa = PBXGroup;
			children = (
				1895C6A72B5EFD4D0090A87F /* Views */,
				18EF40902B5EF12F00DA7945 /* MovieListViewController.swift */,
				18EF40922B5EF15100DA7945 /* MovieListViewModel.swift */,
				1895C6A32B5EFA920090A87F /* MovieViewModel.swift */,
				1895C6A52B5EFADA0090A87F /* MovieViewModelMapper.swift */,
			);
			path = MovieListModule;
			sourceTree = "<group>";
		};
		778010224DF3675D243EF1A3 /* Pods */ = {
			isa = PBXGroup;
			children = (
				DE67FAD61B616AE8DDCF27E6 /* Pods-MovieApp.debug.xcconfig */,
				6C91E8FD02E659878D1C0032 /* Pods-MovieApp.release.xcconfig */,
				6A7EB8D20C97F4EB2D091A5E /* Pods-MovieAppTests.debug.xcconfig */,
				485625955977045951B98E87 /* Pods-MovieAppTests.release.xcconfig */,
				CFCF44DA212E4F5EC3DB7AB4 /* Pods-MovieApp-MovieAppTests.debug.xcconfig */,
				AA0A32629490453C5253D394 /* Pods-MovieApp-MovieAppTests.release.xcconfig */,
			);
			path = Pods;
			sourceTree = "<group>";
		};
		9A04E9F3E76CD7AB7FA66405 /* Frameworks */ = {
			isa = PBXGroup;
			children = (
				F8FB6C3D9C2BC4693504741F /* Pods_MovieApp.framework */,
				8653147FF68A5C37240AE147 /* Pods_MovieAppTests.framework */,
			);
			name = Frameworks;
			sourceTree = "<group>";
		};
/* End PBXGroup section */

/* Begin PBXNativeTarget section */
		1848A7C72B5C139F004B0CE8 /* MovieApp */ = {
			isa = PBXNativeTarget;
			buildConfigurationList = 1848A7F22B5C13A0004B0CE8 /* Build configuration list for PBXNativeTarget "MovieApp" */;
			buildPhases = (
				49757AE8F68078A1A9639707 /* [CP] Check Pods Manifest.lock */,
				1848A7C42B5C139F004B0CE8 /* Sources */,
				1848A7C52B5C139F004B0CE8 /* Frameworks */,
				1848A7C62B5C139F004B0CE8 /* Resources */,
				1848A7FD2B5C1DF2004B0CE8 /* ShellScript */,
				ECA02FB123A9EB0DFA137F9C /* [CP] Embed Pods Frameworks */,
			);
			buildRules = (
			);
			dependencies = (
			);
			name = MovieApp;
			productName = MovieApp;
			productReference = 1848A7C82B5C139F004B0CE8 /* MovieApp.app */;
			productType = "com.apple.product-type.application";
		};
		1848A7DD2B5C13A0004B0CE8 /* MovieAppTests */ = {
			isa = PBXNativeTarget;
			buildConfigurationList = 1848A7F52B5C13A0004B0CE8 /* Build configuration list for PBXNativeTarget "MovieAppTests" */;
			buildPhases = (
				DFF4A006129A0172F184CF9A /* [CP] Check Pods Manifest.lock */,
				1848A7DA2B5C13A0004B0CE8 /* Sources */,
				1848A7DB2B5C13A0004B0CE8 /* Frameworks */,
				1848A7DC2B5C13A0004B0CE8 /* Resources */,
				1826975D2B5D8B7600CD90F8 /* ShellScript */,
			);
			buildRules = (
			);
			dependencies = (
				1848A7E02B5C13A0004B0CE8 /* PBXTargetDependency */,
			);
			name = MovieAppTests;
			productName = MovieAppTests;
			productReference = 1848A7DE2B5C13A0004B0CE8 /* MovieAppTests.xctest */;
			productType = "com.apple.product-type.bundle.unit-test";
		};
		1848A7E72B5C13A0004B0CE8 /* MovieAppUITests */ = {
			isa = PBXNativeTarget;
			buildConfigurationList = 1848A7F82B5C13A0004B0CE8 /* Build configuration list for PBXNativeTarget "MovieAppUITests" */;
			buildPhases = (
				1848A7E42B5C13A0004B0CE8 /* Sources */,
				1848A7E52B5C13A0004B0CE8 /* Frameworks */,
				1848A7E62B5C13A0004B0CE8 /* Resources */,
			);
			buildRules = (
			);
			dependencies = (
				1848A7EA2B5C13A0004B0CE8 /* PBXTargetDependency */,
			);
			name = MovieAppUITests;
			productName = MovieAppUITests;
			productReference = 1848A7E82B5C13A0004B0CE8 /* MovieAppUITests.xctest */;
			productType = "com.apple.product-type.bundle.ui-testing";
		};
/* End PBXNativeTarget section */

/* Begin PBXProject section */
		1848A7C02B5C139F004B0CE8 /* Project object */ = {
			isa = PBXProject;
			attributes = {
				BuildIndependentTargetsInParallel = 1;
				LastSwiftUpdateCheck = 1510;
				LastUpgradeCheck = 1510;
				TargetAttributes = {
					1848A7C72B5C139F004B0CE8 = {
						CreatedOnToolsVersion = 15.1;
					};
					1848A7DD2B5C13A0004B0CE8 = {
						CreatedOnToolsVersion = 15.1;
						TestTargetID = 1848A7C72B5C139F004B0CE8;
					};
					1848A7E72B5C13A0004B0CE8 = {
						CreatedOnToolsVersion = 15.1;
						TestTargetID = 1848A7C72B5C139F004B0CE8;
					};
				};
			};
			buildConfigurationList = 1848A7C32B5C139F004B0CE8 /* Build configuration list for PBXProject "MovieApp" */;
			compatibilityVersion = "Xcode 14.0";
			developmentRegion = en;
			hasScannedForEncodings = 0;
			knownRegions = (
				en,
				Base,
			);
			mainGroup = 1848A7BF2B5C139F004B0CE8;
			productRefGroup = 1848A7C92B5C139F004B0CE8 /* Products */;
			projectDirPath = "";
			projectRoot = "";
			targets = (
				1848A7C72B5C139F004B0CE8 /* MovieApp */,
				1848A7DD2B5C13A0004B0CE8 /* MovieAppTests */,
				1848A7E72B5C13A0004B0CE8 /* MovieAppUITests */,
			);
		};
/* End PBXProject section */

/* Begin PBXResourcesBuildPhase section */
		1848A7C62B5C139F004B0CE8 /* Resources */ = {
			isa = PBXResourcesBuildPhase;
			buildActionMask = 2147483647;
			files = (
				1848A7D82B5C139F004B0CE8 /* LaunchScreen.storyboard in Resources */,
				1848A7FC2B5C161E004B0CE8 /* GoogleService-Info.plist in Resources */,
				1848A7D52B5C139F004B0CE8 /* Assets.xcassets in Resources */,
				1848A7D32B5C139F004B0CE8 /* Main.storyboard in Resources */,
			);
			runOnlyForDeploymentPostprocessing = 0;
		};
		1848A7DC2B5C13A0004B0CE8 /* Resources */ = {
			isa = PBXResourcesBuildPhase;
			buildActionMask = 2147483647;
			files = (
			);
			runOnlyForDeploymentPostprocessing = 0;
		};
		1848A7E62B5C13A0004B0CE8 /* Resources */ = {
			isa = PBXResourcesBuildPhase;
			buildActionMask = 2147483647;
			files = (
			);
			runOnlyForDeploymentPostprocessing = 0;
		};
/* End PBXResourcesBuildPhase section */

/* Begin PBXShellScriptBuildPhase section */
		1826975D2B5D8B7600CD90F8 /* ShellScript */ = {
			isa = PBXShellScriptBuildPhase;
			buildActionMask = 2147483647;
			files = (
			);
			inputFileListPaths = (
			);
			inputPaths = (
			);
			outputFileListPaths = (
			);
			outputPaths = (
			);
			runOnlyForDeploymentPostprocessing = 0;
			shellPath = /bin/sh;
			shellScript = "# Define the path to Sourcery executable\nSOURCERY_EXECUTABLE=\"${PODS_ROOT}/Sourcery/bin/sourcery\"\n\n# Define the path to Sourcery configuration file\nCONFIG_FILE=\"${PROJECT_DIR}/.sourcery.yml\"\n\n# Check if Sourcery executable exists\nif [ ! -x \"${SOURCERY_EXECUTABLE}\" ]; then\n    echo \"Error: Sourcery executable not found. Please ensure that Sourcery is installed as a CocoaPod.\"\n    exit 1\nfi\n\n# Check if the configuration file exists\nif [ ! -f \"${CONFIG_FILE}\" ]; then\n    echo \"Error: Sourcery configuration file not found at ${CONFIG_FILE}.\"\n    exit 1\nfi\n\n# Run Sourcery with the specified configuration file\n\"${SOURCERY_EXECUTABLE}\" --config \"${CONFIG_FILE}\"\n";
		};
		1848A7FD2B5C1DF2004B0CE8 /* ShellScript */ = {
			isa = PBXShellScriptBuildPhase;
			buildActionMask = 2147483647;
			files = (
			);
			inputFileListPaths = (
			);
			inputPaths = (
				"${DWARF_DSYM_FOLDER_PATH}/${DWARF_DSYM_FILE_NAME}",
				"${DWARF_DSYM_FOLDER_PATH}/${DWARF_DSYM_FILE_NAME}/Contents/Resources/DWARF/${PRODUCT_NAME}",
				"${DWARF_DSYM_FOLDER_PATH}/${DWARF_DSYM_FILE_NAME}/Contents/Info.plist",
				"$(TARGET_BUILD_DIR)/$(UNLOCALIZED_RESOURCES_FOLDER_PATH)/GoogleService-Info.plist",
				"$(TARGET_BUILD_DIR)/$(EXECUTABLE_PATH)",
			);
			outputFileListPaths = (
			);
			outputPaths = (
			);
			runOnlyForDeploymentPostprocessing = 0;
			shellPath = /bin/sh;
			shellScript = "\"${PODS_ROOT}/FirebaseCrashlytics/run\"\n";
		};
		49757AE8F68078A1A9639707 /* [CP] Check Pods Manifest.lock */ = {
			isa = PBXShellScriptBuildPhase;
			buildActionMask = 2147483647;
			files = (
			);
			inputFileListPaths = (
			);
			inputPaths = (
				"${PODS_PODFILE_DIR_PATH}/Podfile.lock",
				"${PODS_ROOT}/Manifest.lock",
			);
			name = "[CP] Check Pods Manifest.lock";
			outputFileListPaths = (
			);
			outputPaths = (
				"$(DERIVED_FILE_DIR)/Pods-MovieApp-checkManifestLockResult.txt",
			);
			runOnlyForDeploymentPostprocessing = 0;
			shellPath = /bin/sh;
			shellScript = "diff \"${PODS_PODFILE_DIR_PATH}/Podfile.lock\" \"${PODS_ROOT}/Manifest.lock\" > /dev/null\nif [ $? != 0 ] ; then\n    # print error to STDERR\n    echo \"error: The sandbox is not in sync with the Podfile.lock. Run 'pod install' or update your CocoaPods installation.\" >&2\n    exit 1\nfi\n# This output is used by Xcode 'outputs' to avoid re-running this script phase.\necho \"SUCCESS\" > \"${SCRIPT_OUTPUT_FILE_0}\"\n";
			showEnvVarsInLog = 0;
		};
		DFF4A006129A0172F184CF9A /* [CP] Check Pods Manifest.lock */ = {
			isa = PBXShellScriptBuildPhase;
			buildActionMask = 2147483647;
			files = (
			);
			inputFileListPaths = (
			);
			inputPaths = (
				"${PODS_PODFILE_DIR_PATH}/Podfile.lock",
				"${PODS_ROOT}/Manifest.lock",
			);
			name = "[CP] Check Pods Manifest.lock";
			outputFileListPaths = (
			);
			outputPaths = (
				"$(DERIVED_FILE_DIR)/Pods-MovieAppTests-checkManifestLockResult.txt",
			);
			runOnlyForDeploymentPostprocessing = 0;
			shellPath = /bin/sh;
			shellScript = "diff \"${PODS_PODFILE_DIR_PATH}/Podfile.lock\" \"${PODS_ROOT}/Manifest.lock\" > /dev/null\nif [ $? != 0 ] ; then\n    # print error to STDERR\n    echo \"error: The sandbox is not in sync with the Podfile.lock. Run 'pod install' or update your CocoaPods installation.\" >&2\n    exit 1\nfi\n# This output is used by Xcode 'outputs' to avoid re-running this script phase.\necho \"SUCCESS\" > \"${SCRIPT_OUTPUT_FILE_0}\"\n";
			showEnvVarsInLog = 0;
		};
		ECA02FB123A9EB0DFA137F9C /* [CP] Embed Pods Frameworks */ = {
			isa = PBXShellScriptBuildPhase;
			buildActionMask = 2147483647;
			files = (
			);
			inputFileListPaths = (
				"${PODS_ROOT}/Target Support Files/Pods-MovieApp/Pods-MovieApp-frameworks-${CONFIGURATION}-input-files.xcfilelist",
			);
			name = "[CP] Embed Pods Frameworks";
			outputFileListPaths = (
				"${PODS_ROOT}/Target Support Files/Pods-MovieApp/Pods-MovieApp-frameworks-${CONFIGURATION}-output-files.xcfilelist",
			);
			runOnlyForDeploymentPostprocessing = 0;
			shellPath = /bin/sh;
			shellScript = "\"${PODS_ROOT}/Target Support Files/Pods-MovieApp/Pods-MovieApp-frameworks.sh\"\n";
			showEnvVarsInLog = 0;
		};
/* End PBXShellScriptBuildPhase section */

/* Begin PBXSourcesBuildPhase section */
		1848A7C42B5C139F004B0CE8 /* Sources */ = {
			isa = PBXSourcesBuildPhase;
			buildActionMask = 2147483647;
			files = (
				1895C6D12B5FA97D0090A87F /* PosterCollectionViewCell.swift in Sources */,
				1895C6D32B5FB0D80090A87F /* MovieDetailCell.swift in Sources */,
				182697572B5D6CF500CD90F8 /* GenreResponseModel.swift in Sources */,
				1848A8002B5C35EF004B0CE8 /* ApiKeyManager.swift in Sources */,
				1848A7D02B5C139F004B0CE8 /* ViewController.swift in Sources */,
				1848A8042B5D33DB004B0CE8 /* Router.swift in Sources */,
				1895C6E22B5FC3FA0090A87F /* GenreDetail.swift in Sources */,
				1895C6E62B5FCE760090A87F /* CastMemberDomainModel.swift in Sources */,
				1895C6EC2B5FD07B0090A87F /* CastDetailCollectionViewCell.swift in Sources */,
				1895C6DE2B5FBD780090A87F /* TitleDetailCollectionViewCell.swift in Sources */,
				1848A7CC2B5C139F004B0CE8 /* AppDelegate.swift in Sources */,
				1848A8092B5D37E1004B0CE8 /* MovieDomainModel.swift in Sources */,
				1895C6A62B5EFADA0090A87F /* MovieViewModelMapper.swift in Sources */,
				182697592B5D871200CD90F8 /* UserDefaultsManager.swift in Sources */,
				1895C6D82B5FBAB60090A87F /* OverviewCollectionViewCell.swift in Sources */,
				1895C6DA2B5FBB190090A87F /* OverviewDetail.swift in Sources */,
				18EF40912B5EF12F00DA7945 /* MovieListViewController.swift in Sources */,
				1895C6DC2B5FBD4E0090A87F /* TitleDetail.swift in Sources */,
				1895C6AB2B5F266F0090A87F /* StarRatingView.swift in Sources */,
				1848A8062B5D3538004B0CE8 /* APIService.swift in Sources */,
				1895C6E02B5FC2230090A87F /* PosterDetail.swift in Sources */,
				1848A7CE2B5C139F004B0CE8 /* SceneDelegate.swift in Sources */,
				1895C6E82B5FCE820090A87F /* CastMemebersResponseModel.swift in Sources */,
				1895C6A42B5EFA920090A87F /* MovieViewModel.swift in Sources */,
				1895C6D52B5FB52D0090A87F /* DataSourceSection.swift in Sources */,
				1895C6CD2B5FA95E0090A87F /* MovieDetailViewController.swift in Sources */,
				1895C6A92B5EFD7B0090A87F /* MovieCollectionViewCell.swift in Sources */,
				1895C6CB2B5FA95E0090A87F /* MovieDetailsMapper.swift in Sources */,
				1895C6CE2B5FA95E0090A87F /* MovieDetailViewModel.swift in Sources */,
				1848A80B2B5D49CC004B0CE8 /* PopularMoviesResponseModel.swift in Sources */,
				18EF40932B5EF15100DA7945 /* MovieListViewModel.swift in Sources */,
				1895C6EA2B5FD0150090A87F /* CastDetail.swift in Sources */,
				1895C6CC2B5FA95E0090A87F /* MovieDetails.swift in Sources */,
				1895C6E42B5FC4E20090A87F /* GenreDetailCollectionViewCell.swift in Sources */,
			);
			runOnlyForDeploymentPostprocessing = 0;
		};
		1848A7DA2B5C13A0004B0CE8 /* Sources */ = {
			isa = PBXSourcesBuildPhase;
			buildActionMask = 2147483647;
			files = (
				182697632B5D8D5300CD90F8 /* APIServicingMock.generated.swift in Sources */,
				1848A7E32B5C13A0004B0CE8 /* MovieAppTests.swift in Sources */,
				1895C6B02B5F34A80090A87F /* MovieViewModelMappingMock.generated.swift in Sources */,
				182697652B5D8D8A00CD90F8 /* ApiKeyManagerTests.swift in Sources */,
				182697622B5D8D5300CD90F8 /* ApiKeyManagingMock.generated.swift in Sources */,
				1895C6B52B5F36E40090A87F /* MovieDomainModel+Mock.swift in Sources */,
				1895C6B22B5F35060090A87F /* MovieListViewModelDeoendencies.swift in Sources */,
				182697612B5D8D5300CD90F8 /* UserDefaultsManagingMock.generated.swift in Sources */,
				1895C6AE2B5F34220090A87F /* MovieListViewModelTests.swift in Sources */,
				1895C6B72B5F37AA0090A87F /* PopularMoviesResponseModel+Mock.swift in Sources */,
				1895C6B92B5F38C20090A87F /* MovieViewModel+Mock.swift in Sources */,
			);
			runOnlyForDeploymentPostprocessing = 0;
		};
		1848A7E42B5C13A0004B0CE8 /* Sources */ = {
			isa = PBXSourcesBuildPhase;
			buildActionMask = 2147483647;
			files = (
				1848A7EF2B5C13A0004B0CE8 /* MovieAppUITestsLaunchTests.swift in Sources */,
				1848A7ED2B5C13A0004B0CE8 /* MovieAppUITests.swift in Sources */,
			);
			runOnlyForDeploymentPostprocessing = 0;
		};
/* End PBXSourcesBuildPhase section */

/* Begin PBXTargetDependency section */
		1848A7E02B5C13A0004B0CE8 /* PBXTargetDependency */ = {
			isa = PBXTargetDependency;
			target = 1848A7C72B5C139F004B0CE8 /* MovieApp */;
			targetProxy = 1848A7DF2B5C13A0004B0CE8 /* PBXContainerItemProxy */;
		};
		1848A7EA2B5C13A0004B0CE8 /* PBXTargetDependency */ = {
			isa = PBXTargetDependency;
			target = 1848A7C72B5C139F004B0CE8 /* MovieApp */;
			targetProxy = 1848A7E92B5C13A0004B0CE8 /* PBXContainerItemProxy */;
		};
/* End PBXTargetDependency section */

/* Begin PBXVariantGroup section */
		1848A7D12B5C139F004B0CE8 /* Main.storyboard */ = {
			isa = PBXVariantGroup;
			children = (
				1848A7D22B5C139F004B0CE8 /* Base */,
			);
			name = Main.storyboard;
			sourceTree = "<group>";
		};
		1848A7D62B5C139F004B0CE8 /* LaunchScreen.storyboard */ = {
			isa = PBXVariantGroup;
			children = (
				1848A7D72B5C139F004B0CE8 /* Base */,
			);
			name = LaunchScreen.storyboard;
			sourceTree = "<group>";
		};
/* End PBXVariantGroup section */

/* Begin XCBuildConfiguration section */
		1848A7F02B5C13A0004B0CE8 /* Debug */ = {
			isa = XCBuildConfiguration;
			buildSettings = {
				ALWAYS_SEARCH_USER_PATHS = NO;
				ASSETCATALOG_COMPILER_GENERATE_SWIFT_ASSET_SYMBOL_EXTENSIONS = YES;
				CLANG_ANALYZER_NONNULL = YES;
				CLANG_ANALYZER_NUMBER_OBJECT_CONVERSION = YES_AGGRESSIVE;
				CLANG_CXX_LANGUAGE_STANDARD = "gnu++20";
				CLANG_ENABLE_MODULES = YES;
				CLANG_ENABLE_OBJC_ARC = YES;
				CLANG_ENABLE_OBJC_WEAK = YES;
				CLANG_WARN_BLOCK_CAPTURE_AUTORELEASING = YES;
				CLANG_WARN_BOOL_CONVERSION = YES;
				CLANG_WARN_COMMA = YES;
				CLANG_WARN_CONSTANT_CONVERSION = YES;
				CLANG_WARN_DEPRECATED_OBJC_IMPLEMENTATIONS = YES;
				CLANG_WARN_DIRECT_OBJC_ISA_USAGE = YES_ERROR;
				CLANG_WARN_DOCUMENTATION_COMMENTS = YES;
				CLANG_WARN_EMPTY_BODY = YES;
				CLANG_WARN_ENUM_CONVERSION = YES;
				CLANG_WARN_INFINITE_RECURSION = YES;
				CLANG_WARN_INT_CONVERSION = YES;
				CLANG_WARN_NON_LITERAL_NULL_CONVERSION = YES;
				CLANG_WARN_OBJC_IMPLICIT_RETAIN_SELF = YES;
				CLANG_WARN_OBJC_LITERAL_CONVERSION = YES;
				CLANG_WARN_OBJC_ROOT_CLASS = YES_ERROR;
				CLANG_WARN_QUOTED_INCLUDE_IN_FRAMEWORK_HEADER = YES;
				CLANG_WARN_RANGE_LOOP_ANALYSIS = YES;
				CLANG_WARN_STRICT_PROTOTYPES = YES;
				CLANG_WARN_SUSPICIOUS_MOVE = YES;
				CLANG_WARN_UNGUARDED_AVAILABILITY = YES_AGGRESSIVE;
				CLANG_WARN_UNREACHABLE_CODE = YES;
				CLANG_WARN__DUPLICATE_METHOD_MATCH = YES;
				COPY_PHASE_STRIP = NO;
				DEBUG_INFORMATION_FORMAT = dwarf;
				ENABLE_STRICT_OBJC_MSGSEND = YES;
				ENABLE_TESTABILITY = YES;
				ENABLE_USER_SCRIPT_SANDBOXING = YES;
				GCC_C_LANGUAGE_STANDARD = gnu17;
				GCC_DYNAMIC_NO_PIC = NO;
				GCC_NO_COMMON_BLOCKS = YES;
				GCC_OPTIMIZATION_LEVEL = 0;
				GCC_PREPROCESSOR_DEFINITIONS = (
					"DEBUG=1",
					"$(inherited)",
				);
				GCC_WARN_64_TO_32_BIT_CONVERSION = YES;
				GCC_WARN_ABOUT_RETURN_TYPE = YES_ERROR;
				GCC_WARN_UNDECLARED_SELECTOR = YES;
				GCC_WARN_UNINITIALIZED_AUTOS = YES_AGGRESSIVE;
				GCC_WARN_UNUSED_FUNCTION = YES;
				GCC_WARN_UNUSED_VARIABLE = YES;
				IPHONEOS_DEPLOYMENT_TARGET = 13.0;
				LOCALIZATION_PREFERS_STRING_CATALOGS = YES;
				MTL_ENABLE_DEBUG_INFO = INCLUDE_SOURCE;
				MTL_FAST_MATH = YES;
				ONLY_ACTIVE_ARCH = YES;
				SDKROOT = iphoneos;
				SWIFT_ACTIVE_COMPILATION_CONDITIONS = "DEBUG $(inherited)";
				SWIFT_OPTIMIZATION_LEVEL = "-Onone";
			};
			name = Debug;
		};
		1848A7F12B5C13A0004B0CE8 /* Release */ = {
			isa = XCBuildConfiguration;
			buildSettings = {
				ALWAYS_SEARCH_USER_PATHS = NO;
				ASSETCATALOG_COMPILER_GENERATE_SWIFT_ASSET_SYMBOL_EXTENSIONS = YES;
				CLANG_ANALYZER_NONNULL = YES;
				CLANG_ANALYZER_NUMBER_OBJECT_CONVERSION = YES_AGGRESSIVE;
				CLANG_CXX_LANGUAGE_STANDARD = "gnu++20";
				CLANG_ENABLE_MODULES = YES;
				CLANG_ENABLE_OBJC_ARC = YES;
				CLANG_ENABLE_OBJC_WEAK = YES;
				CLANG_WARN_BLOCK_CAPTURE_AUTORELEASING = YES;
				CLANG_WARN_BOOL_CONVERSION = YES;
				CLANG_WARN_COMMA = YES;
				CLANG_WARN_CONSTANT_CONVERSION = YES;
				CLANG_WARN_DEPRECATED_OBJC_IMPLEMENTATIONS = YES;
				CLANG_WARN_DIRECT_OBJC_ISA_USAGE = YES_ERROR;
				CLANG_WARN_DOCUMENTATION_COMMENTS = YES;
				CLANG_WARN_EMPTY_BODY = YES;
				CLANG_WARN_ENUM_CONVERSION = YES;
				CLANG_WARN_INFINITE_RECURSION = YES;
				CLANG_WARN_INT_CONVERSION = YES;
				CLANG_WARN_NON_LITERAL_NULL_CONVERSION = YES;
				CLANG_WARN_OBJC_IMPLICIT_RETAIN_SELF = YES;
				CLANG_WARN_OBJC_LITERAL_CONVERSION = YES;
				CLANG_WARN_OBJC_ROOT_CLASS = YES_ERROR;
				CLANG_WARN_QUOTED_INCLUDE_IN_FRAMEWORK_HEADER = YES;
				CLANG_WARN_RANGE_LOOP_ANALYSIS = YES;
				CLANG_WARN_STRICT_PROTOTYPES = YES;
				CLANG_WARN_SUSPICIOUS_MOVE = YES;
				CLANG_WARN_UNGUARDED_AVAILABILITY = YES_AGGRESSIVE;
				CLANG_WARN_UNREACHABLE_CODE = YES;
				CLANG_WARN__DUPLICATE_METHOD_MATCH = YES;
				COPY_PHASE_STRIP = NO;
				DEBUG_INFORMATION_FORMAT = "dwarf-with-dsym";
				ENABLE_NS_ASSERTIONS = NO;
				ENABLE_STRICT_OBJC_MSGSEND = YES;
				ENABLE_USER_SCRIPT_SANDBOXING = YES;
				GCC_C_LANGUAGE_STANDARD = gnu17;
				GCC_NO_COMMON_BLOCKS = YES;
				GCC_WARN_64_TO_32_BIT_CONVERSION = YES;
				GCC_WARN_ABOUT_RETURN_TYPE = YES_ERROR;
				GCC_WARN_UNDECLARED_SELECTOR = YES;
				GCC_WARN_UNINITIALIZED_AUTOS = YES_AGGRESSIVE;
				GCC_WARN_UNUSED_FUNCTION = YES;
				GCC_WARN_UNUSED_VARIABLE = YES;
				IPHONEOS_DEPLOYMENT_TARGET = 13.0;
				LOCALIZATION_PREFERS_STRING_CATALOGS = YES;
				MTL_ENABLE_DEBUG_INFO = NO;
				MTL_FAST_MATH = YES;
				SDKROOT = iphoneos;
				SWIFT_COMPILATION_MODE = wholemodule;
				VALIDATE_PRODUCT = YES;
			};
			name = Release;
		};
		1848A7F32B5C13A0004B0CE8 /* Debug */ = {
			isa = XCBuildConfiguration;
			baseConfigurationReference = DE67FAD61B616AE8DDCF27E6 /* Pods-MovieApp.debug.xcconfig */;
			buildSettings = {
				ASSETCATALOG_COMPILER_APPICON_NAME = AppIcon;
				ASSETCATALOG_COMPILER_GLOBAL_ACCENT_COLOR_NAME = AccentColor;
				CODE_SIGN_STYLE = Automatic;
				CURRENT_PROJECT_VERSION = 1;
				DEBUG_INFORMATION_FORMAT = "dwarf-with-dsym";
				DEVELOPMENT_TEAM = KA6X8M94YM;
				ENABLE_USER_SCRIPT_SANDBOXING = NO;
				GENERATE_INFOPLIST_FILE = YES;
				INFOPLIST_FILE = MovieApp/Info.plist;
				INFOPLIST_KEY_UIApplicationSupportsIndirectInputEvents = YES;
				INFOPLIST_KEY_UILaunchStoryboardName = LaunchScreen;
				INFOPLIST_KEY_UIMainStoryboardFile = Main;
				INFOPLIST_KEY_UISupportedInterfaceOrientations_iPad = "UIInterfaceOrientationPortrait UIInterfaceOrientationPortraitUpsideDown UIInterfaceOrientationLandscapeLeft UIInterfaceOrientationLandscapeRight";
				INFOPLIST_KEY_UISupportedInterfaceOrientations_iPhone = "UIInterfaceOrientationPortrait UIInterfaceOrientationLandscapeLeft UIInterfaceOrientationLandscapeRight";
				IPHONEOS_DEPLOYMENT_TARGET = 13.0;
				LD_RUNPATH_SEARCH_PATHS = (
					"$(inherited)",
					"@executable_path/Frameworks",
				);
				MARKETING_VERSION = 1.0;
				PRODUCT_BUNDLE_IDENTIFIER = com.yoktan.MovieApp;
				PRODUCT_NAME = "$(TARGET_NAME)";
				SWIFT_EMIT_LOC_STRINGS = YES;
				SWIFT_VERSION = 5.0;
				TARGETED_DEVICE_FAMILY = "1,2";
			};
			name = Debug;
		};
		1848A7F42B5C13A0004B0CE8 /* Release */ = {
			isa = XCBuildConfiguration;
			baseConfigurationReference = 6C91E8FD02E659878D1C0032 /* Pods-MovieApp.release.xcconfig */;
			buildSettings = {
				ASSETCATALOG_COMPILER_APPICON_NAME = AppIcon;
				ASSETCATALOG_COMPILER_GLOBAL_ACCENT_COLOR_NAME = AccentColor;
				CODE_SIGN_STYLE = Automatic;
				CURRENT_PROJECT_VERSION = 1;
				DEVELOPMENT_TEAM = KA6X8M94YM;
				ENABLE_TESTABILITY = NO;
				ENABLE_USER_SCRIPT_SANDBOXING = NO;
				GENERATE_INFOPLIST_FILE = YES;
				INFOPLIST_FILE = MovieApp/Info.plist;
				INFOPLIST_KEY_UIApplicationSupportsIndirectInputEvents = YES;
				INFOPLIST_KEY_UILaunchStoryboardName = LaunchScreen;
				INFOPLIST_KEY_UIMainStoryboardFile = Main;
				INFOPLIST_KEY_UISupportedInterfaceOrientations_iPad = "UIInterfaceOrientationPortrait UIInterfaceOrientationPortraitUpsideDown UIInterfaceOrientationLandscapeLeft UIInterfaceOrientationLandscapeRight";
				INFOPLIST_KEY_UISupportedInterfaceOrientations_iPhone = "UIInterfaceOrientationPortrait UIInterfaceOrientationLandscapeLeft UIInterfaceOrientationLandscapeRight";
				IPHONEOS_DEPLOYMENT_TARGET = 13.0;
				LD_RUNPATH_SEARCH_PATHS = (
					"$(inherited)",
					"@executable_path/Frameworks",
				);
				MARKETING_VERSION = 1.0;
				PRODUCT_BUNDLE_IDENTIFIER = com.yoktan.MovieApp;
				PRODUCT_NAME = "$(TARGET_NAME)";
				SWIFT_EMIT_LOC_STRINGS = YES;
				SWIFT_VERSION = 5.0;
				TARGETED_DEVICE_FAMILY = "1,2";
			};
			name = Release;
		};
		1848A7F62B5C13A0004B0CE8 /* Debug */ = {
			isa = XCBuildConfiguration;
			baseConfigurationReference = 6A7EB8D20C97F4EB2D091A5E /* Pods-MovieAppTests.debug.xcconfig */;
			buildSettings = {
				ALWAYS_EMBED_SWIFT_STANDARD_LIBRARIES = YES;
				BUNDLE_LOADER = "$(TEST_HOST)";
				CODE_SIGN_STYLE = Automatic;
				CURRENT_PROJECT_VERSION = 1;
				DEFINES_MODULE = YES;
				DEVELOPMENT_TEAM = KA6X8M94YM;
				ENABLE_USER_SCRIPT_SANDBOXING = NO;
				GENERATE_INFOPLIST_FILE = YES;
				IPHONEOS_DEPLOYMENT_TARGET = 13.0;
				MARKETING_VERSION = 1.0;
				PRODUCT_BUNDLE_IDENTIFIER = com.yoktan.MovieAppTests;
				PRODUCT_NAME = "$(TARGET_NAME)";
				SWIFT_EMIT_LOC_STRINGS = NO;
				SWIFT_VERSION = 5.0;
				TARGETED_DEVICE_FAMILY = "1,2";
				TEST_HOST = "$(BUILT_PRODUCTS_DIR)/MovieApp.app/$(BUNDLE_EXECUTABLE_FOLDER_PATH)/MovieApp";
			};
			name = Debug;
		};
		1848A7F72B5C13A0004B0CE8 /* Release */ = {
			isa = XCBuildConfiguration;
			baseConfigurationReference = 485625955977045951B98E87 /* Pods-MovieAppTests.release.xcconfig */;
			buildSettings = {
				ALWAYS_EMBED_SWIFT_STANDARD_LIBRARIES = YES;
				BUNDLE_LOADER = "$(TEST_HOST)";
				CODE_SIGN_STYLE = Automatic;
				CURRENT_PROJECT_VERSION = 1;
				DEFINES_MODULE = YES;
				DEVELOPMENT_TEAM = KA6X8M94YM;
				ENABLE_TESTABILITY = NO;
				ENABLE_USER_SCRIPT_SANDBOXING = NO;
				GENERATE_INFOPLIST_FILE = YES;
				IPHONEOS_DEPLOYMENT_TARGET = 13.0;
				MARKETING_VERSION = 1.0;
				PRODUCT_BUNDLE_IDENTIFIER = com.yoktan.MovieAppTests;
				PRODUCT_NAME = "$(TARGET_NAME)";
				SWIFT_EMIT_LOC_STRINGS = NO;
				SWIFT_VERSION = 5.0;
				TARGETED_DEVICE_FAMILY = "1,2";
				TEST_HOST = "$(BUILT_PRODUCTS_DIR)/MovieApp.app/$(BUNDLE_EXECUTABLE_FOLDER_PATH)/MovieApp";
			};
			name = Release;
		};
		1848A7F92B5C13A0004B0CE8 /* Debug */ = {
			isa = XCBuildConfiguration;
			buildSettings = {
				ALWAYS_EMBED_SWIFT_STANDARD_LIBRARIES = YES;
				CODE_SIGN_STYLE = Automatic;
				CURRENT_PROJECT_VERSION = 1;
				DEVELOPMENT_TEAM = KA6X8M94YM;
				ENABLE_USER_SCRIPT_SANDBOXING = NO;
				GENERATE_INFOPLIST_FILE = YES;
				MARKETING_VERSION = 1.0;
				PRODUCT_BUNDLE_IDENTIFIER = com.yoktan.MovieAppUITests;
				PRODUCT_NAME = "$(TARGET_NAME)";
				SWIFT_EMIT_LOC_STRINGS = NO;
				SWIFT_VERSION = 5.0;
				TARGETED_DEVICE_FAMILY = "1,2";
				TEST_TARGET_NAME = MovieApp;
			};
			name = Debug;
		};
		1848A7FA2B5C13A0004B0CE8 /* Release */ = {
			isa = XCBuildConfiguration;
			buildSettings = {
				ALWAYS_EMBED_SWIFT_STANDARD_LIBRARIES = YES;
				CODE_SIGN_STYLE = Automatic;
				CURRENT_PROJECT_VERSION = 1;
				DEVELOPMENT_TEAM = KA6X8M94YM;
				ENABLE_USER_SCRIPT_SANDBOXING = NO;
				GENERATE_INFOPLIST_FILE = YES;
				MARKETING_VERSION = 1.0;
				PRODUCT_BUNDLE_IDENTIFIER = com.yoktan.MovieAppUITests;
				PRODUCT_NAME = "$(TARGET_NAME)";
				SWIFT_EMIT_LOC_STRINGS = NO;
				SWIFT_VERSION = 5.0;
				TARGETED_DEVICE_FAMILY = "1,2";
				TEST_TARGET_NAME = MovieApp;
			};
			name = Release;
		};
/* End XCBuildConfiguration section */

/* Begin XCConfigurationList section */
		1848A7C32B5C139F004B0CE8 /* Build configuration list for PBXProject "MovieApp" */ = {
			isa = XCConfigurationList;
			buildConfigurations = (
				1848A7F02B5C13A0004B0CE8 /* Debug */,
				1848A7F12B5C13A0004B0CE8 /* Release */,
			);
			defaultConfigurationIsVisible = 0;
			defaultConfigurationName = Release;
		};
		1848A7F22B5C13A0004B0CE8 /* Build configuration list for PBXNativeTarget "MovieApp" */ = {
			isa = XCConfigurationList;
			buildConfigurations = (
				1848A7F32B5C13A0004B0CE8 /* Debug */,
				1848A7F42B5C13A0004B0CE8 /* Release */,
			);
			defaultConfigurationIsVisible = 0;
			defaultConfigurationName = Release;
		};
		1848A7F52B5C13A0004B0CE8 /* Build configuration list for PBXNativeTarget "MovieAppTests" */ = {
			isa = XCConfigurationList;
			buildConfigurations = (
				1848A7F62B5C13A0004B0CE8 /* Debug */,
				1848A7F72B5C13A0004B0CE8 /* Release */,
			);
			defaultConfigurationIsVisible = 0;
			defaultConfigurationName = Release;
		};
		1848A7F82B5C13A0004B0CE8 /* Build configuration list for PBXNativeTarget "MovieAppUITests" */ = {
			isa = XCConfigurationList;
			buildConfigurations = (
				1848A7F92B5C13A0004B0CE8 /* Debug */,
				1848A7FA2B5C13A0004B0CE8 /* Release */,
			);
			defaultConfigurationIsVisible = 0;
			defaultConfigurationName = Release;
		};
/* End XCConfigurationList section */
	};
	rootObject = 1848A7C02B5C139F004B0CE8 /* Project object */;
}
